
Microsoft Visual Studio Solution File, Format Version 12.00
# Visual Studio Version 16
VisualStudioVersion = 25.0.1706.6
MinimumVisualStudioVersion = 10.0.40219.1
Project("{FAE04EC0-301F-11D3-BF4B-00C04F79EFBC}") = "Stripe.MAUI.Android", "Stripe.MAUI.Android\Stripe.MAUI.Android.csproj", "{3F8A35AA-054B-47B0-9EB4-22C890B3EAAD}"
EndProject
Global
	GlobalSection(SolutionConfigurationPlatforms) = preSolution
		Debug|Any CPU = Debug|Any CPU
		Release|Any CPU = Release|Any CPU
	EndGlobalSection
	GlobalSection(ProjectConfigurationPlatforms) = postSolution
		{3F8A35AA-054B-47B0-9EB4-22C890B3EAAD}.Debug|Any CPU.ActiveCfg = Debug|Any CPU
		{3F8A35AA-054B-47B0-9EB4-22C890B3EAAD}.Debug|Any CPU.Build.0 = Debug|Any CPU
		{3F8A35AA-054B-47B0-9EB4-22C890B3EAAD}.Release|Any CPU.ActiveCfg = Release|Any CPU
		{3F8A35AA-054B-47B0-9EB4-22C890B3EAAD}.Release|Any CPU.Build.0 = Release|Any CPU
	EndGlobalSection
	GlobalSection(SolutionProperties) = preSolution
		HideSolutionNode = FALSE
	EndGlobalSection
	GlobalSection(ExtensibilityGlobals) = postSolution
		SolutionGuid = {588911ED-4962-4FD4-B13B-54807BF46629}
	EndGlobalSection
EndGlobal
